
Microsoft Visual Studio Solution File, Format Version 12.00
# Visual Studio 14
VisualStudioVersion = 14.0.25420.1
MinimumVisualStudioVersion = 10.0.40219.1
Project("{FAE04EC0-301F-11D3-BF4B-00C04F79EFBC}") = "orders", "orders\orders.csproj", "{5A81AA1A-84C8-46E1-8C81-EDA4A0D1F5DA}"
EndProject
Project("{FAE04EC0-301F-11D3-BF4B-00C04F79EFBC}") = "Client", "Client\Client.csproj", "{4DA7E191-A507-4C47-A462-E969C2EA7831}"
EndProject
Global
	GlobalSection(SolutionConfigurationPlatforms) = preSolution
		Debug|Any CPU = Debug|Any CPU
		Release|Any CPU = Release|Any CPU
	EndGlobalSection
	GlobalSection(ProjectConfigurationPlatforms) = postSolution
		{5A81AA1A-84C8-46E1-8C81-EDA4A0D1F5DA}.Debug|Any CPU.ActiveCfg = Debug|Any CPU
		{5A81AA1A-84C8-46E1-8C81-EDA4A0D1F5DA}.Debug|Any CPU.Build.0 = Debug|Any CPU
		{5A81AA1A-84C8-46E1-8C81-EDA4A0D1F5DA}.Release|Any CPU.ActiveCfg = Release|Any CPU
		{5A81AA1A-84C8-46E1-8C81-EDA4A0D1F5DA}.Release|Any CPU.Build.0 = Release|Any CPU
		{4DA7E191-A507-4C47-A462-E969C2EA7831}.Debug|Any CPU.ActiveCfg = Debug|Any CPU
		{4DA7E191-A507-4C47-A462-E969C2EA7831}.Debug|Any CPU.Build.0 = Debug|Any CPU
		{4DA7E191-A507-4C47-A462-E969C2EA7831}.Release|Any CPU.ActiveCfg = Release|Any CPU
		{4DA7E191-A507-4C47-A462-E969C2EA7831}.Release|Any CPU.Build.0 = Release|Any CPU
	EndGlobalSection
	GlobalSection(SolutionProperties) = preSolution
		HideSolutionNode = FALSE
	EndGlobalSection
EndGlobal
